Microsoft Visual Studio Solution File, Format Version 12.00
# Visual Studio Version 17
VisualStudioVersion = 17.5.2.0
MinimumVisualStudioVersion = 10.0.40219.1
Project("{FAE04EC0-301F-11D3-BF4B-00C04F79EFBC}") = "AndroidApp4", "AndroidApp4.csproj", "{12C7D0E2-78CD-ED4F-FD2E-01B4CBACCBA5}"
EndProject
Global
	GlobalSection(SolutionConfigurationPlatforms) = preSolution
		Debug|Any CPU = Debug|Any CPU
		Release|Any CPU = Release|Any CPU
	EndGlobalSection
	GlobalSection(ProjectConfigurationPlatforms) = postSolution
		{12C7D0E2-78CD-ED4F-FD2E-01B4CBACCBA5}.Debug|Any CPU.ActiveCfg = Debug|Any CPU
		{12C7D0E2-78CD-ED4F-FD2E-01B4CBACCBA5}.Debug|Any CPU.Build.0 = Debug|Any CPU
		{12C7D0E2-78CD-ED4F-FD2E-01B4CBACCBA5}.Release|Any CPU.ActiveCfg = Release|Any CPU
		{12C7D0E2-78CD-ED4F-FD2E-01B4CBACCBA5}.Release|Any CPU.Build.0 = Release|Any CPU
	EndGlobalSection
	GlobalSection(SolutionProperties) = preSolution
		HideSolutionNode = FALSE
	EndGlobalSection
	GlobalSection(ExtensibilityGlobals) = postSolution
		SolutionGuid = {F80839AE-80E3-4A80-81D9-620F2B1E170D}
	EndGlobalSection
EndGlobal
